# This file is autogenerated, do not edit; changes may be undone by the next 'dep ensure'.


[[projects]]
  branch = "master"
  digest = "1:b78f0ff4cfc4399577c5677b7cb093d162791e4a2f2d8c92968031a8f1eac182"
  name = "github.com/cbuschka/gohello"
  packages = [
    ".",
    "pkg/gohello",
  ]
  pruneopts = "UT"
  revision = "ef10def30b69d1b553e951c41535b445600cc621"

[solve-meta]
  analyzer-name = "dep"
  analyzer-version = 1
  input-imports = [
    "github.com/cbuschka/gohello",
    "github.com/cbuschka/gohello/pkg/gohello",
  ]
  solver-name = "gps-cdcl"
  solver-version = 1
