# This file is autogenerated, do not edit; changes may be undone by the next 'dep ensure'.


[[projects]]
  branch = "master"
  digest = "1:0ce736401aff664e63506da268c12590219fc4f854fb3b95ad64b96404622c2d"
  name = "github.com/cbuschka/gohello"
  packages = ["."]
  pruneopts = "UT"
  revision = "ef10def30b69d1b553e951c41535b445600cc621"

[solve-meta]
  analyzer-name = "dep"
  analyzer-version = 1
  input-imports = ["github.com/cbuschka/gohello"]
  solver-name = "gps-cdcl"
  solver-version = 1
